
Microsoft Visual Studio Solution File, Format Version 12.00
# Visual Studio Version 16
VisualStudioVersion = 16.0.33130.400
MinimumVisualStudioVersion = 10.0.40219.1
Project("{FAE04EC0-301F-11D3-BF4B-00C04F79EFBC}") = "csModbus", "csModbus.csproj", "{F8211969-5AA8-4DC6-8818-8F735832448B}"
EndProject
Global
	GlobalSection(SolutionConfigurationPlatforms) = preSolution
		Debug|Any CPU = Debug|Any CPU
		Release|Any CPU = Release|Any CPU
	EndGlobalSection
	GlobalSection(ProjectConfigurationPlatforms) = postSolution
		{F8211969-5AA8-4DC6-8818-8F735832448B}.Debug|Any CPU.ActiveCfg = Debug|Any CPU
		{F8211969-5AA8-4DC6-8818-8F735832448B}.Debug|Any CPU.Build.0 = Debug|Any CPU
		{F8211969-5AA8-4DC6-8818-8F735832448B}.Release|Any CPU.ActiveCfg = Release|Any CPU
		{F8211969-5AA8-4DC6-8818-8F735832448B}.Release|Any CPU.Build.0 = Release|Any CPU
	EndGlobalSection
	GlobalSection(SolutionProperties) = preSolution
		HideSolutionNode = FALSE
	EndGlobalSection
	GlobalSection(ExtensibilityGlobals) = postSolution
		SolutionGuid = {693D89B1-1984-4361-A8BF-DDB51FCC319B}
	EndGlobalSection
EndGlobal
